
Microsoft Visual Studio Solution File, Format Version 12.00
# Visual Studio 14
VisualStudioVersion = 14.0.25420.1
MinimumVisualStudioVersion = 10.0.40219.1
Project("{FAE04EC0-301F-11D3-BF4B-00C04F79EFBC}") = "TicTacToe.Services", "TicTacToe.Services\TicTacToe.Services.csproj", "{51077E02-A8A8-425B-A48D-2113D480C7E8}"
EndProject
Project("{FAE04EC0-301F-11D3-BF4B-00C04F79EFBC}") = "TicTacToeTest.UnitTests", "UnitTestProject1\TicTacToeTest.UnitTests.csproj", "{4CB43EAF-213B-4D64-B08F-13C4C087D63D}"
EndProject
Global
	GlobalSection(SolutionConfigurationPlatforms) = preSolution
		Debug|Any CPU = Debug|Any CPU
		Release|Any CPU = Release|Any CPU
	EndGlobalSection
	GlobalSection(ProjectConfigurationPlatforms) = postSolution
		{51077E02-A8A8-425B-A48D-2113D480C7E8}.Debug|Any CPU.ActiveCfg = Debug|Any CPU
		{51077E02-A8A8-425B-A48D-2113D480C7E8}.Debug|Any CPU.Build.0 = Debug|Any CPU
		{51077E02-A8A8-425B-A48D-2113D480C7E8}.Release|Any CPU.ActiveCfg = Release|Any CPU
		{51077E02-A8A8-425B-A48D-2113D480C7E8}.Release|Any CPU.Build.0 = Release|Any CPU
		{4CB43EAF-213B-4D64-B08F-13C4C087D63D}.Debug|Any CPU.ActiveCfg = Debug|Any CPU
		{4CB43EAF-213B-4D64-B08F-13C4C087D63D}.Debug|Any CPU.Build.0 = Debug|Any CPU
		{4CB43EAF-213B-4D64-B08F-13C4C087D63D}.Release|Any CPU.ActiveCfg = Release|Any CPU
		{4CB43EAF-213B-4D64-B08F-13C4C087D63D}.Release|Any CPU.Build.0 = Release|Any CPU
	EndGlobalSection
	GlobalSection(SolutionProperties) = preSolution
		HideSolutionNode = FALSE
	EndGlobalSection
EndGlobal
